# This file was autogenerated by Stack.
# You should not edit this file by hand.
# For more information, please see the documentation at:
#   https://docs.haskellstack.org/en/stable/topics/lock_files

packages: []
snapshots:
- completed:
    sha256: 3e6eae2838928558aad9765fde63f11e7a04d632db80855667e640573e8f1bc4
    size: 751229
    url: https://raw.githubusercontent.com/commercialhaskell/stackage-snapshots/master/nightly/2026/5/15.yaml
  original: nightly-2026-05-15
