# This file was autogenerated by Stack.
# You should not edit this file by hand.
# For more information, please see the documentation at:
#   https://docs.haskellstack.org/en/stable/topics/lock_files

packages: []
snapshots:
- completed:
    sha256: f519f0130813ac275982b1a378f4ffd38680394a98ce27c76341e7f7e94ee0a8
    size: 722616
    url: https://raw.githubusercontent.com/commercialhaskell/stackage-snapshots/master/nightly/2025/7/4.yaml
  original: nightly-2025-07-04
