# This file was autogenerated by Stack.
# You should not edit this file by hand.
# For more information, please see the documentation at:
#   https://docs.haskellstack.org/en/stable/topics/lock_files

packages: []
snapshots:
- completed:
    sha256: 7530ee0d844920c7721c146b6ff50adcae732735a711e27b4b747649684ed00c
    size: 712235
    url: https://raw.githubusercontent.com/commercialhaskell/stackage-snapshots/master/nightly/2025/5/23.yaml
  original: nightly-2025-05-23
